
Microsoft Visual Studio Solution File, Format Version 12.00
# Visual Studio Version 17
VisualStudioVersion = 17.9.34728.123
MinimumVisualStudioVersion = 10.0.40219.1
Project("{FAE04EC0-301F-11D3-BF4B-00C04F79EFBC}") = "TestApp", "TestApp\TestApp.csproj", "{1A1EFA74-AEF3-4C77-8616-0B4BC884B00E}"
EndProject
Global
	GlobalSection(SolutionConfigurationPlatforms) = preSolution
		Debug|Any CPU = Debug|Any CPU
		Release|Any CPU = Release|Any CPU
	EndGlobalSection
	GlobalSection(ProjectConfigurationPlatforms) = postSolution
		{1A1EFA74-AEF3-4C77-8616-0B4BC884B00E}.Debug|Any CPU.ActiveCfg = Debug|Any CPU
		{1A1EFA74-AEF3-4C77-8616-0B4BC884B00E}.Debug|Any CPU.Build.0 = Debug|Any CPU
		{1A1EFA74-AEF3-4C77-8616-0B4BC884B00E}.Release|Any CPU.ActiveCfg = Release|Any CPU
		{1A1EFA74-AEF3-4C77-8616-0B4BC884B00E}.Release|Any CPU.Build.0 = Release|Any CPU
	EndGlobalSection
	GlobalSection(SolutionProperties) = preSolution
		HideSolutionNode = FALSE
	EndGlobalSection
	GlobalSection(ExtensibilityGlobals) = postSolution
		SolutionGuid = {53411010-0259-4F10-B4EA-08CB048048EB}
	EndGlobalSection
EndGlobal
